// !$*UTF8*$!
{
	archiveVersion = 1;
	classes = {
	};
	objectVersion = 50;
	objects = {

/* Begin PBXBuildFile section */
		61A1170321E9CCD00028DD58 /* AppDelegate.swift in Sources */ = {isa = PBXBuildFile; fileRef = 61A1170221E9CCD00028DD58 /* AppDelegate.swift */; };
		61A1170821E9CCD10028DD58 /* Main.storyboard in Resources */ = {isa = PBXBuildFile; fileRef = 61A1170621E9CCD10028DD58 /* Main.storyboard */; };
		61A1170A21E9CCD50028DD58 /* Assets.xcassets in Resources */ = {isa = PBXBuildFile; fileRef = 61A1170921E9CCD50028DD58 /* Assets.xcassets */; };
		61A1170D21E9CCD50028DD58 /* LaunchScreen.storyboard in Resources */ = {isa = PBXBuildFile; fileRef = 61A1170B21E9CCD50028DD58 /* LaunchScreen.storyboard */; };
		61A1171821E9CCD50028DD58 /* PopMachTestTests.swift in Sources */ = {isa = PBXBuildFile; fileRef = 61A1171721E9CCD50028DD58 /* PopMachTestTests.swift */; };
/* End PBXBuildFile section */

/* Begin PBXContainerItemProxy section */
		61A1171421E9CCD50028DD58 /* PBXContainerItemProxy */ = {
			isa = PBXContainerItemProxy;
			containerPortal = 61A116F721E9CCD00028DD58 /* Project object */;
			proxyType = 1;
			remoteGlobalIDString = 61A116FE21E9CCD00028DD58;
			remoteInfo = PopMachTest;
		};
/* End PBXContainerItemProxy section */

/* Begin PBXFileReference section */
		61A116FF21E9CCD00028DD58 /* PopMachTest.app */ = {isa = PBXFileReference; explicitFileType = wrapper.application; includeInIndex = 0; path = PopMachTest.app; sourceTree = BUILT_PRODUCTS_DIR; };
		61A1170221E9CCD00028DD58 /* AppDelegate.swift */ = {isa = PBXFileReference; lastKnownFileType = sourcecode.swift; path = AppDelegate.swift; sourceTree = "<group>"; };
		61A1170721E9CCD10028DD58 /* Base */ = {isa = PBXFileReference; lastKnownFileType = file.storyboard; name = Base; path = Base.lproj/Main.storyboard; sourceTree = "<group>"; };
		61A1170921E9CCD50028DD58 /* Assets.xcassets */ = {isa = PBXFileReference; lastKnownFileType = folder.assetcatalog; path = Assets.xcassets; sourceTree = "<group>"; };
		61A1170C21E9CCD50028DD58 /* Base */ = {isa = PBXFileReference; lastKnownFileType = file.storyboard; name = Base; path = Base.lproj/LaunchScreen.storyboard; sourceTree = "<group>"; };
		61A1170E21E9CCD50028DD58 /* Info.plist */ = {isa = PBXFileReference; lastKnownFileType = text.plist.xml; path = Info.plist; sourceTree = "<group>"; };
		61A1171321E9CCD50028DD58 /* PopMachTestTests.xctest */ = {isa = PBXFileReference; explicitFileType = wrapper.cfbundle; includeInIndex = 0; path = PopMachTestTests.xctest; sourceTree = BUILT_PRODUCTS_DIR; };
		61A1171721E9CCD50028DD58 /* PopMachTestTests.swift */ = {isa = PBXFileReference; lastKnownFileType = sourcecode.swift; path = PopMachTestTests.swift; sourceTree = "<group>"; };
		61A1171921E9CCD50028DD58 /* Info.plist */ = {isa = PBXFileReference; lastKnownFileType = text.plist.xml; path = Info.plist; sourceTree = "<group>"; };
/* End PBXFileReference section */

/* Begin PBXFrameworksBuildPhase section */
		61A116FC21E9CCD00028DD58 /* Frameworks */ = {
			isa = PBXFrameworksBuildPhase;
			buildActionMask = 2147483647;
			files = (
			);
			runOnlyForDeploymentPostprocessing = 0;
		};
		61A1171021E9CCD50028DD58 /* Frameworks */ = {
			isa = PBXFrameworksBuildPhase;
			buildActionMask = 2147483647;
			files = (
			);
			runOnlyForDeploymentPostprocessing = 0;
		};
/* End PBXFrameworksBuildPhase section */

/* Begin PBXGroup section */
		61A116F621E9CCD00028DD58 = {
			isa = PBXGroup;
			children = (
				61A1170121E9CCD00028DD58 /* PopMachTest */,
				61A1171621E9CCD50028DD58 /* PopMachTestTests */,
				61A1170021E9CCD00028DD58 /* Products */,
			);
			sourceTree = "<group>";
		};
		61A1170021E9CCD00028DD58 /* Products */ = {
			isa = PBXGroup;
			children = (
				61A116FF21E9CCD00028DD58 /* PopMachTest.app */,
				61A1171321E9CCD50028DD58 /* PopMachTestTests.xctest */,
			);
			name = Products;
			sourceTree = "<group>";
		};
		61A1170121E9CCD00028DD58 /* PopMachTest */ = {
			isa = PBXGroup;
			children = (
				61A1170221E9CCD00028DD58 /* AppDelegate.swift */,
				61A1170621E9CCD10028DD58 /* Main.storyboard */,
				61A1170921E9CCD50028DD58 /* Assets.xcassets */,
				61A1170B21E9CCD50028DD58 /* LaunchScreen.storyboard */,
				61A1170E21E9CCD50028DD58 /* Info.plist */,
			);
			path = PopMachTest;
			sourceTree = "<group>";
		};
		61A1171621E9CCD50028DD58 /* PopMachTestTests */ = {
			isa = PBXGroup;
			children = (
				61A1171721E9CCD50028DD58 /* PopMachTestTests.swift */,
				61A1171921E9CCD50028DD58 /* Info.plist */,
			);
			path = PopMachTestTests;
			sourceTree = "<group>";
		};
/* End PBXGroup section */

/* Begin PBXNativeTarget section */
		61A116FE21E9CCD00028DD58 /* PopMachTest */ = {
			isa = PBXNativeTarget;
			buildConfigurationList = 61A1171C21E9CCD50028DD58 /* Build configuration list for PBXNativeTarget "PopMachTest" */;
			buildPhases = (
				61A116FB21E9CCD00028DD58 /* Sources */,
				61A116FC21E9CCD00028DD58 /* Frameworks */,
				61A116FD21E9CCD00028DD58 /* Resources */,
			);
			buildRules = (
			);
			dependencies = (
			);
			name = PopMachTest;
			productName = PopMachTest;
			productReference = 61A116FF21E9CCD00028DD58 /* PopMachTest.app */;
			productType = "com.apple.product-type.application";
		};
		61A1171221E9CCD50028DD58 /* PopMachTestTests */ = {
			isa = PBXNativeTarget;
			buildConfigurationList = 61A1171F21E9CCD50028DD58 /* Build configuration list for PBXNativeTarget "PopMachTestTests" */;
			buildPhases = (
				61A1170F21E9CCD50028DD58 /* Sources */,
				61A1171021E9CCD50028DD58 /* Frameworks */,
				61A1171121E9CCD50028DD58 /* Resources */,
			);
			buildRules = (
			);
			dependencies = (
				61A1171521E9CCD50028DD58 /* PBXTargetDependency */,
			);
			name = PopMachTestTests;
			productName = PopMachTestTests;
			productReference = 61A1171321E9CCD50028DD58 /* PopMachTestTests.xctest */;
			productType = "com.apple.product-type.bundle.unit-test";
		};
/* End PBXNativeTarget section */

/* Begin PBXProject section */
		61A116F721E9CCD00028DD58 /* Project object */ = {
			isa = PBXProject;
			attributes = {
				LastSwiftUpdateCheck = 1010;
				LastUpgradeCheck = 1010;
				ORGANIZATIONNAME = "Moiz Ullah";
				TargetAttributes = {
					61A116FE21E9CCD00028DD58 = {
						CreatedOnToolsVersion = 10.1;
					};
					61A1171221E9CCD50028DD58 = {
						CreatedOnToolsVersion = 10.1;
						TestTargetID = 61A116FE21E9CCD00028DD58;
					};
				};
			};
			buildConfigurationList = 61A116FA21E9CCD00028DD58 /* Build configuration list for PBXProject "PopMachTest" */;
			compatibilityVersion = "Xcode 9.3";
			developmentRegion = en;
			hasScannedForEncodings = 0;
			knownRegions = (
				en,
				Base,
			);
			mainGroup = 61A116F621E9CCD00028DD58;
			productRefGroup = 61A1170021E9CCD00028DD58 /* Products */;
			projectDirPath = "";
			projectRoot = "";
			targets = (
				61A116FE21E9CCD00028DD58 /* PopMachTest */,
				61A1171221E9CCD50028DD58 /* PopMachTestTests */,
			);
		};
/* End PBXProject section */

/* Begin PBXResourcesBuildPhase section */
		61A116FD21E9CCD00028DD58 /* Resources */ = {
			isa = PBXResourcesBuildPhase;
			buildActionMask = 2147483647;
			files = (
				61A1170D21E9CCD50028DD58 /* LaunchScreen.storyboard in Resources */,
				61A1170A21E9CCD50028DD58 /* Assets.xcassets in Resources */,
				61A1170821E9CCD10028DD58 /* Main.storyboard in Resources */,
			);
			runOnlyForDeploymentPostprocessing = 0;
		};
		61A1171121E9CCD50028DD58 /* Resources */ = {
			isa = PBXResourcesBuildPhase;
			buildActionMask = 2147483647;
			files = (
			);
			runOnlyForDeploymentPostprocessing = 0;
		};
/* End PBXResourcesBuildPhase section */

/* Begin PBXSourcesBuildPhase section */
		61A116FB21E9CCD00028DD58 /* Sources */ = {
			isa = PBXSourcesBuildPhase;
			buildActionMask = 2147483647;
			files = (
				61A1170321E9CCD00028DD58 /* AppDelegate.swift in Sources */,
			);
			runOnlyForDeploymentPostprocessing = 0;
		};
		61A1170F21E9CCD50028DD58 /* Sources */ = {
			isa = PBXSourcesBuildPhase;
			buildActionMask = 2147483647;
			files = (
				61A1171821E9CCD50028DD58 /* PopMachTestTests.swift in Sources */,
			);
			runOnlyForDeploymentPostprocessing = 0;
		};
/* End PBXSourcesBuildPhase section */

/* Begin PBXTargetDependency section */
		61A1171521E9CCD50028DD58 /* PBXTargetDependency */ = {
			isa = PBXTargetDependency;
			target = 61A116FE21E9CCD00028DD58 /* PopMachTest */;
			targetProxy = 61A1171421E9CCD50028DD58 /* PBXContainerItemProxy */;
		};
/* End PBXTargetDependency section */

/* Begin PBXVariantGroup section */
		61A1170621E9CCD10028DD58 /* Main.storyboard */ = {
			isa = PBXVariantGroup;
			children = (
				61A1170721E9CCD10028DD58 /* Base */,
			);
			name = Main.storyboard;
			sourceTree = "<group>";
		};
		61A1170B21E9CCD50028DD58 /* LaunchScreen.storyboard */ = {
			isa = PBXVariantGroup;
			children = (
				61A1170C21E9CCD50028DD58 /* Base */,
			);
			name = LaunchScreen.storyboard;
			sourceTree = "<group>";
		};
/* End PBXVariantGroup section */

/* Begin XCBuildConfiguration section */
		61A1171A21E9CCD50028DD58 /* Debug */ = {
			isa = XCBuildConfiguration;
			buildSettings = {
				ALWAYS_SEARCH_USER_PATHS = NO;
				CLANG_ANALYZER_NONNULL = YES;
				CLANG_ANALYZER_NUMBER_OBJECT_CONVERSION = YES_AGGRESSIVE;
				CLANG_CXX_LANGUAGE_STANDARD = "gnu++14";
				CLANG_CXX_LIBRARY = "libc++";
				CLANG_ENABLE_MODULES = YES;
				CLANG_ENABLE_OBJC_ARC = YES;
				CLANG_ENABLE_OBJC_WEAK = YES;
				CLANG_WARN_BLOCK_CAPTURE_AUTORELEASING = YES;
				CLANG_WARN_BOOL_CONVERSION = YES;
				CLANG_WARN_COMMA = YES;
				CLANG_WARN_CONSTANT_CONVERSION = YES;
				CLANG_WARN_DEPRECATED_OBJC_IMPLEMENTATIONS = YES;
				CLANG_WARN_DIRECT_OBJC_ISA_USAGE = YES_ERROR;
				CLANG_WARN_DOCUMENTATION_COMMENTS = YES;
				CLANG_WARN_EMPTY_BODY = YES;
				CLANG_WARN_ENUM_CONVERSION = YES;
				CLANG_WARN_INFINITE_RECURSION = YES;
				CLANG_WARN_INT_CONVERSION = YES;
				CLANG_WARN_NON_LITERAL_NULL_CONVERSION = YES;
				CLANG_WARN_OBJC_IMPLICIT_RETAIN_SELF = YES;
				CLANG_WARN_OBJC_LITERAL_CONVERSION = YES;
				CLANG_WARN_OBJC_ROOT_CLASS = YES_ERROR;
				CLANG_WARN_RANGE_LOOP_ANALYSIS = YES;
				CLANG_WARN_STRICT_PROTOTYPES = YES;
				CLANG_WARN_SUSPICIOUS_MOVE = YES;
				CLANG_WARN_UNGUARDED_AVAILABILITY = YES_AGGRESSIVE;
				CLANG_WARN_UNREACHABLE_CODE = YES;
				CLANG_WARN__DUPLICATE_METHOD_MATCH = YES;
				CODE_SIGN_IDENTITY = "iPhone Developer";
				COPY_PHASE_STRIP = NO;
				DEBUG_INFORMATION_FORMAT = dwarf;
				ENABLE_STRICT_OBJC_MSGSEND = YES;
				ENABLE_TESTABILITY = YES;
				GCC_C_LANGUAGE_STANDARD = gnu11;
				GCC_DYNAMIC_NO_PIC = NO;
				GCC_NO_COMMON_BLOCKS = YES;
				GCC_OPTIMIZATION_LEVEL = 0;
				GCC_PREPROCESSOR_DEFINITIONS = (
					"DEBUG=1",
					"$(inherited)",
				);
				GCC_WARN_64_TO_32_BIT_CONVERSION = YES;
				GCC_WARN_ABOUT_RETURN_TYPE = YES_ERROR;
				GCC_WARN_UNDECLARED_SELECTOR = YES;
				GCC_WARN_UNINITIALIZED_AUTOS = YES_AGGRESSIVE;
				GCC_WARN_UNUSED_FUNCTION = YES;
				GCC_WARN_UNUSED_VARIABLE = YES;
				IPHONEOS_DEPLOYMENT_TARGET = 10.0;
				MTL_ENABLE_DEBUG_INFO = INCLUDE_SOURCE;
				MTL_FAST_MATH = YES;
				ONLY_ACTIVE_ARCH = YES;
				SDKROOT = iphoneos;
				SWIFT_ACTIVE_COMPILATION_CONDITIONS = DEBUG;
				SWIFT_OPTIMIZATION_LEVEL = "-Onone";
			};
			name = Debug;
		};
		61A1171B21E9CCD50028DD58 /* Release */ = {
			isa = XCBuildConfiguration;
			buildSettings = {
				ALWAYS_SEARCH_USER_PATHS = NO;
				CLANG_ANALYZER_NONNULL = YES;
				CLANG_ANALYZER_NUMBER_OBJECT_CONVERSION = YES_AGGRESSIVE;
				CLANG_CXX_LANGUAGE_STANDARD = "gnu++14";
				CLANG_CXX_LIBRARY = "libc++";
				CLANG_ENABLE_MODULES = YES;
				CLANG_ENABLE_OBJC_ARC = YES;
				CLANG_ENABLE_OBJC_WEAK = YES;
				CLANG_WARN_BLOCK_CAPTURE_AUTORELEASING = YES;
				CLANG_WARN_BOOL_CONVERSION = YES;
				CLANG_WARN_COMMA = YES;
				CLANG_WARN_CONSTANT_CONVERSION = YES;
				CLANG_WARN_DEPRECATED_OBJC_IMPLEMENTATIONS = YES;
				CLANG_WARN_DIRECT_OBJC_ISA_USAGE = YES_ERROR;
				CLANG_WARN_DOCUMENTATION_COMMENTS = YES;
				CLANG_WARN_EMPTY_BODY = YES;
				CLANG_WARN_ENUM_CONVERSION = YES;
				CLANG_WARN_INFINITE_RECURSION = YES;
				CLANG_WARN_INT_CONVERSION = YES;
				CLANG_WARN_NON_LITERAL_NULL_CONVERSION = YES;
				CLANG_WARN_OBJC_IMPLICIT_RETAIN_SELF = YES;
				CLANG_WARN_OBJC_LITERAL_CONVERSION = YES;
				CLANG_WARN_OBJC_ROOT_CLASS = YES_ERROR;
				CLANG_WARN_RANGE_LOOP_ANALYSIS = YES;
				CLANG_WARN_STRICT_PROTOTYPES = YES;
				CLANG_WARN_SUSPICIOUS_MOVE = YES;
				CLANG_WARN_UNGUARDED_AVAILABILITY = YES_AGGRESSIVE;
				CLANG_WARN_UNREACHABLE_CODE = YES;
				CLANG_WARN__DUPLICATE_METHOD_MATCH = YES;
				CODE_SIGN_IDENTITY = "iPhone Developer";
				COPY_PHASE_STRIP = NO;
				DEBUG_INFORMATION_FORMAT = "dwarf-with-dsym";
				ENABLE_NS_ASSERTIONS = NO;
				ENABLE_STRICT_OBJC_MSGSEND = YES;
				GCC_C_LANGUAGE_STANDARD = gnu11;
				GCC_NO_COMMON_BLOCKS = YES;
				GCC_WARN_64_TO_32_BIT_CONVERSION = YES;
				GCC_WARN_ABOUT_RETURN_TYPE = YES_ERROR;
				GCC_WARN_UNDECLARED_SELECTOR = YES;
				GCC_WARN_UNINITIALIZED_AUTOS = YES_AGGRESSIVE;
				GCC_WARN_UNUSED_FUNCTION = YES;
				GCC_WARN_UNUSED_VARIABLE = YES;
				IPHONEOS_DEPLOYMENT_TARGET = 10.0;
				MTL_ENABLE_DEBUG_INFO = NO;
				MTL_FAST_MATH = YES;
				SDKROOT = iphoneos;
				SWIFT_COMPILATION_MODE = wholemodule;
				SWIFT_OPTIMIZATION_LEVEL = "-O";
				VALIDATE_PRODUCT = YES;
			};
			name = Release;
		};
		61A1171D21E9CCD50028DD58 /* Debug */ = {
			isa = XCBuildConfiguration;
			buildSettings = {
				ASSETCATALOG_COMPILER_APPICON_NAME = AppIcon;
				CODE_SIGN_STYLE = Automatic;
				DEVELOPMENT_TEAM = J59282KVRA;
				INFOPLIST_FILE = PopMachTest/Info.plist;
				IPHONEOS_DEPLOYMENT_TARGET = 10.0;
				LD_RUNPATH_SEARCH_PATHS = (
					"$(inherited)",
					"@executable_path/Frameworks",
				);
				PRODUCT_BUNDLE_IDENTIFIER = com.mu.PopMachTest;
				PRODUCT_NAME = "$(TARGET_NAME)";
				SWIFT_VERSION = 4.2;
				TARGETED_DEVICE_FAMILY = "1,2";
			};
			name = Debug;
		};
		61A1171E21E9CCD50028DD58 /* Release */ = {
			isa = XCBuildConfiguration;
			buildSettings = {
				ASSETCATALOG_COMPILER_APPICON_NAME = AppIcon;
				CODE_SIGN_STYLE = Automatic;
				DEVELOPMENT_TEAM = J59282KVRA;
				INFOPLIST_FILE = PopMachTest/Info.plist;
				IPHONEOS_DEPLOYMENT_TARGET = 10.0;
				LD_RUNPATH_SEARCH_PATHS = (
					"$(inherited)",
					"@executable_path/Frameworks",
				);
				PRODUCT_BUNDLE_IDENTIFIER = com.mu.PopMachTest;
				PRODUCT_NAME = "$(TARGET_NAME)";
				SWIFT_VERSION = 4.2;
				TARGETED_DEVICE_FAMILY = "1,2";
			};
			name = Release;
		};
		61A1172021E9CCD50028DD58 /* Debug */ = {
			isa = XCBuildConfiguration;
			buildSettings = {
				ALWAYS_EMBED_SWIFT_STANDARD_LIBRARIES = YES;
				BUNDLE_LOADER = "$(TEST_HOST)";
				CODE_SIGN_STYLE = Automatic;
				DEVELOPMENT_TEAM = J59282KVRA;
				INFOPLIST_FILE = PopMachTestTests/Info.plist;
				LD_RUNPATH_SEARCH_PATHS = (
					"$(inherited)",
					"@executable_path/Frameworks",
					"@loader_path/Frameworks",
				);
				PRODUCT_BUNDLE_IDENTIFIER = com.mu.PopMachTestTests;
				PRODUCT_NAME = "$(TARGET_NAME)";
				SWIFT_VERSION = 4.2;
				TARGETED_DEVICE_FAMILY = "1,2";
				TEST_HOST = "$(BUILT_PRODUCTS_DIR)/PopMachTest.app/PopMachTest";
			};
			name = Debug;
		};
		61A1172121E9CCD50028DD58 /* Release */ = {
			isa = XCBuildConfiguration;
			buildSettings = {
				ALWAYS_EMBED_SWIFT_STANDARD_LIBRARIES = YES;
				BUNDLE_LOADER = "$(TEST_HOST)";
				CODE_SIGN_STYLE = Automatic;
				DEVELOPMENT_TEAM = J59282KVRA;
				INFOPLIST_FILE = PopMachTestTests/Info.plist;
				LD_RUNPATH_SEARCH_PATHS = (
					"$(inherited)",
					"@executable_path/Frameworks",
					"@loader_path/Frameworks",
				);
				PRODUCT_BUNDLE_IDENTIFIER = com.mu.PopMachTestTests;
				PRODUCT_NAME = "$(TARGET_NAME)";
				SWIFT_VERSION = 4.2;
				TARGETED_DEVICE_FAMILY = "1,2";
				TEST_HOST = "$(BUILT_PRODUCTS_DIR)/PopMachTest.app/PopMachTest";
			};
			name = Release;
		};
/* End XCBuildConfiguration section */

/* Begin XCConfigurationList section */
		61A116FA21E9CCD00028DD58 /* Build configuration list for PBXProject "PopMachTest" */ = {
			isa = XCConfigurationList;
			buildConfigurations = (
				61A1171A21E9CCD50028DD58 /* Debug */,
				61A1171B21E9CCD50028DD58 /* Release */,
			);
			defaultConfigurationIsVisible = 0;
			defaultConfigurationName = Release;
		};
		61A1171C21E9CCD50028DD58 /* Build configuration list for PBXNativeTarget "PopMachTest" */ = {
			isa = XCConfigurationList;
			buildConfigurations = (
				61A1171D21E9CCD50028DD58 /* Debug */,
				61A1171E21E9CCD50028DD58 /* Release */,
			);
			defaultConfigurationIsVisible = 0;
			defaultConfigurationName = Release;
		};
		61A1171F21E9CCD50028DD58 /* Build configuration list for PBXNativeTarget "PopMachTestTests" */ = {
			isa = XCConfigurationList;
			buildConfigurations = (
				61A1172021E9CCD50028DD58 /* Debug */,
				61A1172121E9CCD50028DD58 /* Release */,
			);
			defaultConfigurationIsVisible = 0;
			defaultConfigurationName = Release;
		};
/* End XCConfigurationList section */
	};
	rootObject = 61A116F721E9CCD00028DD58 /* Project object */;
}
